{
  "name": "factorymethod",
  "version": "1.0.0",
  "lockfileVersion": 3,
  "requires": true,
  "packages": {
    "": {
      "name": "exemplots",
      "version": "1.0.0",
      "license": "ISC"
    }
  },
  "devDependencies": {
    "@types/jquery": "^3.5.29",
    "@types/node": "^20.12.7",
    "ts-node-dev": "2.0.0",
    "typescript": "^5.4.5"
  }
}
